{
  "originHash" : "56728c1f7469026eb6d94bfb956b1a5892f813b1c903538c30b8772f2ae42376",
  "pins" : [
    {
      "identity" : "commander",
      "kind" : "remoteSourceControl",
      "location" : "https://github.com/steipete/Commander.git",
      "state" : {
        "revision" : "bd219c4ee9032fee3e009856f81fcc6ec09a85f4",
        "version" : "0.2.4"
      }
    }
  ],
  "version" : 3
}
