{
  "originHash" : "583447d113d0aa5ebf7eba1110c3554d17148ded4507aa4a73a31f4ff41083cb",
  "pins" : [
    {
      "identity" : "commander",
      "kind" : "remoteSourceControl",
      "location" : "https://github.com/steipete/Commander.git",
      "state" : {
        "revision" : "ae2ce746b386ff94b26648cfe5625cfa8d02639b",
        "version" : "0.2.2"
      }
    }
  ],
  "version" : 3
}
