{
  "originHash" : "fc1d36d1ccf8838bfb7e959fdcf8d4d7c6fd4102ac789d0a4419db5de34965c5",
  "pins" : [
    {
      "identity" : "commander",
      "kind" : "remoteSourceControl",
      "location" : "https://github.com/steipete/Commander.git",
      "state" : {
        "revision" : "3f5a3cb1f19ce7ca79fdc2111a09dfb3da200c1c",
        "version" : "0.3.0"
      }
    }
  ],
  "version" : 3
}
